
Microsoft Visual Studio Solution File, Format Version 12.00
# Visual Studio Version 18
VisualStudioVersion = 18.0.11205.157
MinimumVisualStudioVersion = 10.0.40219.1
Project("{2150E333-8FDC-42A3-9474-1A3956D46DE8}") = "src", "src", "{02E43793-05F5-48DE-B318-CDFE1C17DEF2}"
EndProject
Project("{FAE04EC0-301F-11D3-BF4B-00C04F79EFBC}") = "EasyPeasy", "src\EasyPeasy\EasyPeasy.csproj", "{80271DB9-4B5F-4F0A-9B64-7FCB85BFD2CA}"
EndProject
Project("{2150E333-8FDC-42A3-9474-1A3956D46DE8}") = "examples", "examples", "{ABCD7D4F-3651-4513-9D84-70506BA6BDF1}"
EndProject
Project("{FAE04EC0-301F-11D3-BF4B-00C04F79EFBC}") = "EasyPeasy.Example.Models", "examples\EasyPeasy.Example.Models\EasyPeasy.Example.Models.csproj", "{0E7FB48B-A790-4856-95B6-BF98FADACF49}"
EndProject
Project("{FAE04EC0-301F-11D3-BF4B-00C04F79EFBC}") = "EasyPeasy.Example.Client", "examples\EasyPeasy.Example\EasyPeasy.Example.Client.csproj", "{094D70C0-174C-496D-AE16-24101FC577D4}"
EndProject
Project("{FAE04EC0-301F-11D3-BF4B-00C04F79EFBC}") = "EasyPeasy.Example.Server", "examples\EasyPeasy.Example.Server\EasyPeasy.Example.Server.csproj", "{A5B42B85-FDF9-43F1-8506-13F475692640}"
EndProject
Project("{2150E333-8FDC-42A3-9474-1A3956D46DE8}") = "tests", "tests", "{A4F0DB8E-E0CF-437F-8DD8-D5220812B415}"
EndProject
Project("{FAE04EC0-301F-11D3-BF4B-00C04F79EFBC}") = "EasyPeasy.Tests", "tests\EasyPeasy.Tests\EasyPeasy.Tests.csproj", "{9BF752BE-CD37-475D-AA65-962E457629C3}"
EndProject
Project("{FAE04EC0-301F-11D3-BF4B-00C04F79EFBC}") = "EasyPeasy.SourceGenerator", "src\EasyPeasy.SourceGenerator\EasyPeasy.SourceGenerator.csproj", "{28AB7D2C-CB14-4023-B0F7-858F66CA3E05}"
EndProject
Project("{FAE04EC0-301F-11D3-BF4B-00C04F79EFBC}") = "EasyPeasy.Extensions.DependencyInjection", "src\EasyPeasy.Extensions.DependencyInjection\EasyPeasy.Extensions.DependencyInjection.csproj", "{E6B87509-9C5A-44CE-8227-E1004EE66BCA}"
EndProject
Project("{FAE04EC0-301F-11D3-BF4B-00C04F79EFBC}") = "EasyPeasy.Xml", "src\EasyPeasy.Xml\EasyPeasy.Xml.csproj", "{AA0E3F55-95FC-4187-BAFD-2B06DFD1E3F6}"
EndProject
Project("{FAE04EC0-301F-11D3-BF4B-00C04F79EFBC}") = "EasyPeasy.SkiaSharp", "src\EasyPeasy.SkiaSharp\EasyPeasy.SkiaSharp.csproj", "{A02B1E20-1CFC-4DDB-85DF-B19F3A4F7E0C}"
EndProject
Project("{FAE04EC0-301F-11D3-BF4B-00C04F79EFBC}") = "EasyPeasy.SourceGenerator.Tests", "tests\EasyPeasy.SourceGenerator.Tests\EasyPeasy.SourceGenerator.Tests.csproj", "{EB6DA489-439C-42F9-9EB8-88869C4E44E8}"
EndProject
Project("{FAE04EC0-301F-11D3-BF4B-00C04F79EFBC}") = "EasyPeasy.AotSmokeTest", "tests\EasyPeasy.AotSmokeTest\EasyPeasy.AotSmokeTest.csproj", "{50803D4E-77B5-4396-A229-66F0B40A0434}"
EndProject
Global
	GlobalSection(SolutionConfigurationPlatforms) = preSolution
		Debug|Any CPU = Debug|Any CPU
		Debug|x64 = Debug|x64
		Debug|x86 = Debug|x86
		Release|Any CPU = Release|Any CPU
		Release|x64 = Release|x64
		Release|x86 = Release|x86
	EndGlobalSection
	GlobalSection(ProjectConfigurationPlatforms) = postSolution
		{80271DB9-4B5F-4F0A-9B64-7FCB85BFD2CA}.Debug|Any CPU.ActiveCfg = Debug|Any CPU
		{80271DB9-4B5F-4F0A-9B64-7FCB85BFD2CA}.Debug|Any CPU.Build.0 = Debug|Any CPU
		{80271DB9-4B5F-4F0A-9B64-7FCB85BFD2CA}.Debug|x64.ActiveCfg = Debug|Any CPU
		{80271DB9-4B5F-4F0A-9B64-7FCB85BFD2CA}.Debug|x64.Build.0 = Debug|Any CPU
		{80271DB9-4B5F-4F0A-9B64-7FCB85BFD2CA}.Debug|x86.ActiveCfg = Debug|Any CPU
		{80271DB9-4B5F-4F0A-9B64-7FCB85BFD2CA}.Debug|x86.Build.0 = Debug|Any CPU
		{80271DB9-4B5F-4F0A-9B64-7FCB85BFD2CA}.Release|Any CPU.ActiveCfg = Release|Any CPU
		{80271DB9-4B5F-4F0A-9B64-7FCB85BFD2CA}.Release|Any CPU.Build.0 = Release|Any CPU
		{80271DB9-4B5F-4F0A-9B64-7FCB85BFD2CA}.Release|x64.ActiveCfg = Release|Any CPU
		{80271DB9-4B5F-4F0A-9B64-7FCB85BFD2CA}.Release|x64.Build.0 = Release|Any CPU
		{80271DB9-4B5F-4F0A-9B64-7FCB85BFD2CA}.Release|x86.ActiveCfg = Release|Any CPU
		{80271DB9-4B5F-4F0A-9B64-7FCB85BFD2CA}.Release|x86.Build.0 = Release|Any CPU
		{0E7FB48B-A790-4856-95B6-BF98FADACF49}.Debug|Any CPU.ActiveCfg = Debug|Any CPU
		{0E7FB48B-A790-4856-95B6-BF98FADACF49}.Debug|Any CPU.Build.0 = Debug|Any CPU
		{0E7FB48B-A790-4856-95B6-BF98FADACF49}.Debug|x64.ActiveCfg = Debug|Any CPU
		{0E7FB48B-A790-4856-95B6-BF98FADACF49}.Debug|x64.Build.0 = Debug|Any CPU
		{0E7FB48B-A790-4856-95B6-BF98FADACF49}.Debug|x86.ActiveCfg = Debug|Any CPU
		{0E7FB48B-A790-4856-95B6-BF98FADACF49}.Debug|x86.Build.0 = Debug|Any CPU
		{0E7FB48B-A790-4856-95B6-BF98FADACF49}.Release|Any CPU.ActiveCfg = Release|Any CPU
		{0E7FB48B-A790-4856-95B6-BF98FADACF49}.Release|Any CPU.Build.0 = Release|Any CPU
		{0E7FB48B-A790-4856-95B6-BF98FADACF49}.Release|x64.ActiveCfg = Release|Any CPU
		{0E7FB48B-A790-4856-95B6-BF98FADACF49}.Release|x64.Build.0 = Release|Any CPU
		{0E7FB48B-A790-4856-95B6-BF98FADACF49}.Release|x86.ActiveCfg = Release|Any CPU
		{0E7FB48B-A790-4856-95B6-BF98FADACF49}.Release|x86.Build.0 = Release|Any CPU
		{094D70C0-174C-496D-AE16-24101FC577D4}.Debug|Any CPU.ActiveCfg = Debug|Any CPU
		{094D70C0-174C-496D-AE16-24101FC577D4}.Debug|Any CPU.Build.0 = Debug|Any CPU
		{094D70C0-174C-496D-AE16-24101FC577D4}.Debug|x64.ActiveCfg = Debug|Any CPU
		{094D70C0-174C-496D-AE16-24101FC577D4}.Debug|x64.Build.0 = Debug|Any CPU
		{094D70C0-174C-496D-AE16-24101FC577D4}.Debug|x86.ActiveCfg = Debug|Any CPU
		{094D70C0-174C-496D-AE16-24101FC577D4}.Debug|x86.Build.0 = Debug|Any CPU
		{094D70C0-174C-496D-AE16-24101FC577D4}.Release|Any CPU.ActiveCfg = Release|Any CPU
		{094D70C0-174C-496D-AE16-24101FC577D4}.Release|Any CPU.Build.0 = Release|Any CPU
		{094D70C0-174C-496D-AE16-24101FC577D4}.Release|x64.ActiveCfg = Release|Any CPU
		{094D70C0-174C-496D-AE16-24101FC577D4}.Release|x64.Build.0 = Release|Any CPU
		{094D70C0-174C-496D-AE16-24101FC577D4}.Release|x86.ActiveCfg = Release|Any CPU
		{094D70C0-174C-496D-AE16-24101FC577D4}.Release|x86.Build.0 = Release|Any CPU
		{A5B42B85-FDF9-43F1-8506-13F475692640}.Debug|Any CPU.ActiveCfg = Debug|Any CPU
		{A5B42B85-FDF9-43F1-8506-13F475692640}.Debug|Any CPU.Build.0 = Debug|Any CPU
		{A5B42B85-FDF9-43F1-8506-13F475692640}.Debug|x64.ActiveCfg = Debug|Any CPU
		{A5B42B85-FDF9-43F1-8506-13F475692640}.Debug|x64.Build.0 = Debug|Any CPU
		{A5B42B85-FDF9-43F1-8506-13F475692640}.Debug|x86.ActiveCfg = Debug|Any CPU
		{A5B42B85-FDF9-43F1-8506-13F475692640}.Debug|x86.Build.0 = Debug|Any CPU
		{A5B42B85-FDF9-43F1-8506-13F475692640}.Release|Any CPU.ActiveCfg = Release|Any CPU
		{A5B42B85-FDF9-43F1-8506-13F475692640}.Release|Any CPU.Build.0 = Release|Any CPU
		{A5B42B85-FDF9-43F1-8506-13F475692640}.Release|x64.ActiveCfg = Release|Any CPU
		{A5B42B85-FDF9-43F1-8506-13F475692640}.Release|x64.Build.0 = Release|Any CPU
		{A5B42B85-FDF9-43F1-8506-13F475692640}.Release|x86.ActiveCfg = Release|Any CPU
		{A5B42B85-FDF9-43F1-8506-13F475692640}.Release|x86.Build.0 = Release|Any CPU
		{9BF752BE-CD37-475D-AA65-962E457629C3}.Debug|Any CPU.ActiveCfg = Debug|Any CPU
		{9BF752BE-CD37-475D-AA65-962E457629C3}.Debug|Any CPU.Build.0 = Debug|Any CPU
		{9BF752BE-CD37-475D-AA65-962E457629C3}.Debug|x64.ActiveCfg = Debug|Any CPU
		{9BF752BE-CD37-475D-AA65-962E457629C3}.Debug|x64.Build.0 = Debug|Any CPU
		{9BF752BE-CD37-475D-AA65-962E457629C3}.Debug|x86.ActiveCfg = Debug|Any CPU
		{9BF752BE-CD37-475D-AA65-962E457629C3}.Debug|x86.Build.0 = Debug|Any CPU
		{9BF752BE-CD37-475D-AA65-962E457629C3}.Release|Any CPU.ActiveCfg = Release|Any CPU
		{9BF752BE-CD37-475D-AA65-962E457629C3}.Release|Any CPU.Build.0 = Release|Any CPU
		{9BF752BE-CD37-475D-AA65-962E457629C3}.Release|x64.ActiveCfg = Release|Any CPU
		{9BF752BE-CD37-475D-AA65-962E457629C3}.Release|x64.Build.0 = Release|Any CPU
		{9BF752BE-CD37-475D-AA65-962E457629C3}.Release|x86.ActiveCfg = Release|Any CPU
		{9BF752BE-CD37-475D-AA65-962E457629C3}.Release|x86.Build.0 = Release|Any CPU
		{28AB7D2C-CB14-4023-B0F7-858F66CA3E05}.Debug|Any CPU.ActiveCfg = Debug|Any CPU
		{28AB7D2C-CB14-4023-B0F7-858F66CA3E05}.Debug|Any CPU.Build.0 = Debug|Any CPU
		{28AB7D2C-CB14-4023-B0F7-858F66CA3E05}.Debug|x64.ActiveCfg = Debug|Any CPU
		{28AB7D2C-CB14-4023-B0F7-858F66CA3E05}.Debug|x64.Build.0 = Debug|Any CPU
		{28AB7D2C-CB14-4023-B0F7-858F66CA3E05}.Debug|x86.ActiveCfg = Debug|Any CPU
		{28AB7D2C-CB14-4023-B0F7-858F66CA3E05}.Debug|x86.Build.0 = Debug|Any CPU
		{28AB7D2C-CB14-4023-B0F7-858F66CA3E05}.Release|Any CPU.ActiveCfg = Release|Any CPU
		{28AB7D2C-CB14-4023-B0F7-858F66CA3E05}.Release|Any CPU.Build.0 = Release|Any CPU
		{28AB7D2C-CB14-4023-B0F7-858F66CA3E05}.Release|x64.ActiveCfg = Release|Any CPU
		{28AB7D2C-CB14-4023-B0F7-858F66CA3E05}.Release|x64.Build.0 = Release|Any CPU
		{28AB7D2C-CB14-4023-B0F7-858F66CA3E05}.Release|x86.ActiveCfg = Release|Any CPU
		{28AB7D2C-CB14-4023-B0F7-858F66CA3E05}.Release|x86.Build.0 = Release|Any CPU
		{E6B87509-9C5A-44CE-8227-E1004EE66BCA}.Debug|Any CPU.ActiveCfg = Debug|Any CPU
		{E6B87509-9C5A-44CE-8227-E1004EE66BCA}.Debug|Any CPU.Build.0 = Debug|Any CPU
		{E6B87509-9C5A-44CE-8227-E1004EE66BCA}.Debug|x64.ActiveCfg = Debug|Any CPU
		{E6B87509-9C5A-44CE-8227-E1004EE66BCA}.Debug|x64.Build.0 = Debug|Any CPU
		{E6B87509-9C5A-44CE-8227-E1004EE66BCA}.Debug|x86.ActiveCfg = Debug|Any CPU
		{E6B87509-9C5A-44CE-8227-E1004EE66BCA}.Debug|x86.Build.0 = Debug|Any CPU
		{E6B87509-9C5A-44CE-8227-E1004EE66BCA}.Release|Any CPU.ActiveCfg = Release|Any CPU
		{E6B87509-9C5A-44CE-8227-E1004EE66BCA}.Release|Any CPU.Build.0 = Release|Any CPU
		{E6B87509-9C5A-44CE-8227-E1004EE66BCA}.Release|x64.ActiveCfg = Release|Any CPU
		{E6B87509-9C5A-44CE-8227-E1004EE66BCA}.Release|x64.Build.0 = Release|Any CPU
		{E6B87509-9C5A-44CE-8227-E1004EE66BCA}.Release|x86.ActiveCfg = Release|Any CPU
		{E6B87509-9C5A-44CE-8227-E1004EE66BCA}.Release|x86.Build.0 = Release|Any CPU
		{AA0E3F55-95FC-4187-BAFD-2B06DFD1E3F6}.Debug|Any CPU.ActiveCfg = Debug|Any CPU
		{AA0E3F55-95FC-4187-BAFD-2B06DFD1E3F6}.Debug|Any CPU.Build.0 = Debug|Any CPU
		{AA0E3F55-95FC-4187-BAFD-2B06DFD1E3F6}.Debug|x64.ActiveCfg = Debug|Any CPU
		{AA0E3F55-95FC-4187-BAFD-2B06DFD1E3F6}.Debug|x64.Build.0 = Debug|Any CPU
		{AA0E3F55-95FC-4187-BAFD-2B06DFD1E3F6}.Debug|x86.ActiveCfg = Debug|Any CPU
		{AA0E3F55-95FC-4187-BAFD-2B06DFD1E3F6}.Debug|x86.Build.0 = Debug|Any CPU
		{AA0E3F55-95FC-4187-BAFD-2B06DFD1E3F6}.Release|Any CPU.ActiveCfg = Release|Any CPU
		{AA0E3F55-95FC-4187-BAFD-2B06DFD1E3F6}.Release|Any CPU.Build.0 = Release|Any CPU
		{AA0E3F55-95FC-4187-BAFD-2B06DFD1E3F6}.Release|x64.ActiveCfg = Release|Any CPU
		{AA0E3F55-95FC-4187-BAFD-2B06DFD1E3F6}.Release|x64.Build.0 = Release|Any CPU
		{AA0E3F55-95FC-4187-BAFD-2B06DFD1E3F6}.Release|x86.ActiveCfg = Release|Any CPU
		{AA0E3F55-95FC-4187-BAFD-2B06DFD1E3F6}.Release|x86.Build.0 = Release|Any CPU
		{A02B1E20-1CFC-4DDB-85DF-B19F3A4F7E0C}.Debug|Any CPU.ActiveCfg = Debug|Any CPU
		{A02B1E20-1CFC-4DDB-85DF-B19F3A4F7E0C}.Debug|Any CPU.Build.0 = Debug|Any CPU
		{A02B1E20-1CFC-4DDB-85DF-B19F3A4F7E0C}.Debug|x64.ActiveCfg = Debug|Any CPU
		{A02B1E20-1CFC-4DDB-85DF-B19F3A4F7E0C}.Debug|x64.Build.0 = Debug|Any CPU
		{A02B1E20-1CFC-4DDB-85DF-B19F3A4F7E0C}.Debug|x86.ActiveCfg = Debug|Any CPU
		{A02B1E20-1CFC-4DDB-85DF-B19F3A4F7E0C}.Debug|x86.Build.0 = Debug|Any CPU
		{A02B1E20-1CFC-4DDB-85DF-B19F3A4F7E0C}.Release|Any CPU.ActiveCfg = Release|Any CPU
		{A02B1E20-1CFC-4DDB-85DF-B19F3A4F7E0C}.Release|Any CPU.Build.0 = Release|Any CPU
		{A02B1E20-1CFC-4DDB-85DF-B19F3A4F7E0C}.Release|x64.ActiveCfg = Release|Any CPU
		{A02B1E20-1CFC-4DDB-85DF-B19F3A4F7E0C}.Release|x64.Build.0 = Release|Any CPU
		{A02B1E20-1CFC-4DDB-85DF-B19F3A4F7E0C}.Release|x86.ActiveCfg = Release|Any CPU
		{A02B1E20-1CFC-4DDB-85DF-B19F3A4F7E0C}.Release|x86.Build.0 = Release|Any CPU
		{EB6DA489-439C-42F9-9EB8-88869C4E44E8}.Debug|Any CPU.ActiveCfg = Debug|Any CPU
		{EB6DA489-439C-42F9-9EB8-88869C4E44E8}.Debug|Any CPU.Build.0 = Debug|Any CPU
		{EB6DA489-439C-42F9-9EB8-88869C4E44E8}.Debug|x64.ActiveCfg = Debug|Any CPU
		{EB6DA489-439C-42F9-9EB8-88869C4E44E8}.Debug|x64.Build.0 = Debug|Any CPU
		{EB6DA489-439C-42F9-9EB8-88869C4E44E8}.Debug|x86.ActiveCfg = Debug|Any CPU
		{EB6DA489-439C-42F9-9EB8-88869C4E44E8}.Debug|x86.Build.0 = Debug|Any CPU
		{EB6DA489-439C-42F9-9EB8-88869C4E44E8}.Release|Any CPU.ActiveCfg = Release|Any CPU
		{EB6DA489-439C-42F9-9EB8-88869C4E44E8}.Release|Any CPU.Build.0 = Release|Any CPU
		{EB6DA489-439C-42F9-9EB8-88869C4E44E8}.Release|x64.ActiveCfg = Release|Any CPU
		{EB6DA489-439C-42F9-9EB8-88869C4E44E8}.Release|x64.Build.0 = Release|Any CPU
		{EB6DA489-439C-42F9-9EB8-88869C4E44E8}.Release|x86.ActiveCfg = Release|Any CPU
		{EB6DA489-439C-42F9-9EB8-88869C4E44E8}.Release|x86.Build.0 = Release|Any CPU
		{50803D4E-77B5-4396-A229-66F0B40A0434}.Debug|Any CPU.ActiveCfg = Debug|Any CPU
		{50803D4E-77B5-4396-A229-66F0B40A0434}.Debug|Any CPU.Build.0 = Debug|Any CPU
		{50803D4E-77B5-4396-A229-66F0B40A0434}.Debug|x64.ActiveCfg = Debug|Any CPU
		{50803D4E-77B5-4396-A229-66F0B40A0434}.Debug|x64.Build.0 = Debug|Any CPU
		{50803D4E-77B5-4396-A229-66F0B40A0434}.Debug|x86.ActiveCfg = Debug|Any CPU
		{50803D4E-77B5-4396-A229-66F0B40A0434}.Debug|x86.Build.0 = Debug|Any CPU
		{50803D4E-77B5-4396-A229-66F0B40A0434}.Release|Any CPU.ActiveCfg = Release|Any CPU
		{50803D4E-77B5-4396-A229-66F0B40A0434}.Release|Any CPU.Build.0 = Release|Any CPU
		{50803D4E-77B5-4396-A229-66F0B40A0434}.Release|x64.ActiveCfg = Release|Any CPU
		{50803D4E-77B5-4396-A229-66F0B40A0434}.Release|x64.Build.0 = Release|Any CPU
		{50803D4E-77B5-4396-A229-66F0B40A0434}.Release|x86.ActiveCfg = Release|Any CPU
		{50803D4E-77B5-4396-A229-66F0B40A0434}.Release|x86.Build.0 = Release|Any CPU
	EndGlobalSection
	GlobalSection(SolutionProperties) = preSolution
		HideSolutionNode = FALSE
	EndGlobalSection
	GlobalSection(NestedProjects) = preSolution
		{80271DB9-4B5F-4F0A-9B64-7FCB85BFD2CA} = {02E43793-05F5-48DE-B318-CDFE1C17DEF2}
		{0E7FB48B-A790-4856-95B6-BF98FADACF49} = {ABCD7D4F-3651-4513-9D84-70506BA6BDF1}
		{094D70C0-174C-496D-AE16-24101FC577D4} = {ABCD7D4F-3651-4513-9D84-70506BA6BDF1}
		{A5B42B85-FDF9-43F1-8506-13F475692640} = {ABCD7D4F-3651-4513-9D84-70506BA6BDF1}
		{9BF752BE-CD37-475D-AA65-962E457629C3} = {A4F0DB8E-E0CF-437F-8DD8-D5220812B415}
		{28AB7D2C-CB14-4023-B0F7-858F66CA3E05} = {02E43793-05F5-48DE-B318-CDFE1C17DEF2}
		{E6B87509-9C5A-44CE-8227-E1004EE66BCA} = {02E43793-05F5-48DE-B318-CDFE1C17DEF2}
		{AA0E3F55-95FC-4187-BAFD-2B06DFD1E3F6} = {02E43793-05F5-48DE-B318-CDFE1C17DEF2}
		{A02B1E20-1CFC-4DDB-85DF-B19F3A4F7E0C} = {02E43793-05F5-48DE-B318-CDFE1C17DEF2}
		{EB6DA489-439C-42F9-9EB8-88869C4E44E8} = {A4F0DB8E-E0CF-437F-8DD8-D5220812B415}
		{50803D4E-77B5-4396-A229-66F0B40A0434} = {A4F0DB8E-E0CF-437F-8DD8-D5220812B415}
	EndGlobalSection
	GlobalSection(ExtensibilityGlobals) = postSolution
		SolutionGuid = {7FE34A0D-385C-40D3-9389-25A0D6D18C35}
	EndGlobalSection
EndGlobal
