
Microsoft Visual Studio Solution File, Format Version 12.00
# Visual Studio Version 18
VisualStudioVersion = 18.0.11205.157 d18.0
MinimumVisualStudioVersion = 10.0.40219.1
Project("{2150E333-8FDC-42A3-9474-1A3956D46DE8}") = "src", "src", "{02E43793-05F5-48DE-B318-CDFE1C17DEF2}"
EndProject
Project("{FAE04EC0-301F-11D3-BF4B-00C04F79EFBC}") = "EasyPeasy", "src\EasyPeasy\EasyPeasy.csproj", "{80271DB9-4B5F-4F0A-9B64-7FCB85BFD2CA}"
EndProject
Project("{2150E333-8FDC-42A3-9474-1A3956D46DE8}") = "examples", "examples", "{ABCD7D4F-3651-4513-9D84-70506BA6BDF1}"
EndProject
Project("{FAE04EC0-301F-11D3-BF4B-00C04F79EFBC}") = "EasyPeasy.Example.Models", "examples\EasyPeasy.Example.Models\EasyPeasy.Example.Models.csproj", "{0E7FB48B-A790-4856-95B6-BF98FADACF49}"
EndProject
Project("{FAE04EC0-301F-11D3-BF4B-00C04F79EFBC}") = "EasyPeasy.Example.Client", "examples\EasyPeasy.Example\EasyPeasy.Example.Client.csproj", "{094D70C0-174C-496D-AE16-24101FC577D4}"
EndProject
Project("{FAE04EC0-301F-11D3-BF4B-00C04F79EFBC}") = "EasyPeasy.Example.Server", "examples\EasyPeasy.Example.Server\EasyPeasy.Example.Server.csproj", "{A5B42B85-FDF9-43F1-8506-13F475692640}"
EndProject
Project("{2150E333-8FDC-42A3-9474-1A3956D46DE8}") = "tests", "tests", "{A4F0DB8E-E0CF-437F-8DD8-D5220812B415}"
EndProject
Project("{FAE04EC0-301F-11D3-BF4B-00C04F79EFBC}") = "EasyPeasy.Tests", "tests\EasyPeasy.Tests\EasyPeasy.Tests.csproj", "{9BF752BE-CD37-475D-AA65-962E457629C3}"
EndProject
Global
	GlobalSection(SolutionConfigurationPlatforms) = preSolution
		Debug|Any CPU = Debug|Any CPU
		Release|Any CPU = Release|Any CPU
	EndGlobalSection
	GlobalSection(ProjectConfigurationPlatforms) = postSolution
		{80271DB9-4B5F-4F0A-9B64-7FCB85BFD2CA}.Debug|Any CPU.ActiveCfg = Debug|Any CPU
		{80271DB9-4B5F-4F0A-9B64-7FCB85BFD2CA}.Debug|Any CPU.Build.0 = Debug|Any CPU
		{80271DB9-4B5F-4F0A-9B64-7FCB85BFD2CA}.Release|Any CPU.ActiveCfg = Release|Any CPU
		{80271DB9-4B5F-4F0A-9B64-7FCB85BFD2CA}.Release|Any CPU.Build.0 = Release|Any CPU
		{0E7FB48B-A790-4856-95B6-BF98FADACF49}.Debug|Any CPU.ActiveCfg = Debug|Any CPU
		{0E7FB48B-A790-4856-95B6-BF98FADACF49}.Debug|Any CPU.Build.0 = Debug|Any CPU
		{0E7FB48B-A790-4856-95B6-BF98FADACF49}.Release|Any CPU.ActiveCfg = Release|Any CPU
		{0E7FB48B-A790-4856-95B6-BF98FADACF49}.Release|Any CPU.Build.0 = Release|Any CPU
		{094D70C0-174C-496D-AE16-24101FC577D4}.Debug|Any CPU.ActiveCfg = Debug|Any CPU
		{094D70C0-174C-496D-AE16-24101FC577D4}.Debug|Any CPU.Build.0 = Debug|Any CPU
		{094D70C0-174C-496D-AE16-24101FC577D4}.Release|Any CPU.ActiveCfg = Release|Any CPU
		{094D70C0-174C-496D-AE16-24101FC577D4}.Release|Any CPU.Build.0 = Release|Any CPU
		{A5B42B85-FDF9-43F1-8506-13F475692640}.Debug|Any CPU.ActiveCfg = Debug|Any CPU
		{A5B42B85-FDF9-43F1-8506-13F475692640}.Debug|Any CPU.Build.0 = Debug|Any CPU
		{A5B42B85-FDF9-43F1-8506-13F475692640}.Release|Any CPU.ActiveCfg = Release|Any CPU
		{A5B42B85-FDF9-43F1-8506-13F475692640}.Release|Any CPU.Build.0 = Release|Any CPU
		{9BF752BE-CD37-475D-AA65-962E457629C3}.Debug|Any CPU.ActiveCfg = Debug|Any CPU
		{9BF752BE-CD37-475D-AA65-962E457629C3}.Debug|Any CPU.Build.0 = Debug|Any CPU
		{9BF752BE-CD37-475D-AA65-962E457629C3}.Release|Any CPU.ActiveCfg = Release|Any CPU
		{9BF752BE-CD37-475D-AA65-962E457629C3}.Release|Any CPU.Build.0 = Release|Any CPU
	EndGlobalSection
	GlobalSection(SolutionProperties) = preSolution
		HideSolutionNode = FALSE
	EndGlobalSection
	GlobalSection(NestedProjects) = preSolution
		{80271DB9-4B5F-4F0A-9B64-7FCB85BFD2CA} = {02E43793-05F5-48DE-B318-CDFE1C17DEF2}
		{0E7FB48B-A790-4856-95B6-BF98FADACF49} = {ABCD7D4F-3651-4513-9D84-70506BA6BDF1}
		{094D70C0-174C-496D-AE16-24101FC577D4} = {ABCD7D4F-3651-4513-9D84-70506BA6BDF1}
		{A5B42B85-FDF9-43F1-8506-13F475692640} = {ABCD7D4F-3651-4513-9D84-70506BA6BDF1}
		{9BF752BE-CD37-475D-AA65-962E457629C3} = {A4F0DB8E-E0CF-437F-8DD8-D5220812B415}
	EndGlobalSection
	GlobalSection(ExtensibilityGlobals) = postSolution
		SolutionGuid = {7FE34A0D-385C-40D3-9389-25A0D6D18C35}
	EndGlobalSection
EndGlobal
